
Microsoft Visual Studio Solution File, Format Version 12.00
# Visual Studio Version 16
VisualStudioVersion = 16.0.30114.105
MinimumVisualStudioVersion = 10.0.40219.1
Project("{FAE04EC0-301F-11D3-BF4B-00C04F79EFBC}") = "web-ui", "web-ui\web-ui.csproj", "{B9F7AB28-E997-4972-A6D1-1BD4C9E289CE}"
EndProject
Project("{FAE04EC0-301F-11D3-BF4B-00C04F79EFBC}") = "bulk-scanner", "bulk-scanner\bulk-scanner.csproj", "{5163A2EA-0476-4B52-81E3-581C84050A6A}"
EndProject
Global
	GlobalSection(SolutionConfigurationPlatforms) = preSolution
		Debug|Any CPU = Debug|Any CPU
		Release|Any CPU = Release|Any CPU
	EndGlobalSection
	GlobalSection(SolutionProperties) = preSolution
		HideSolutionNode = FALSE
	EndGlobalSection
	GlobalSection(ProjectConfigurationPlatforms) = postSolution
		{B9F7AB28-E997-4972-A6D1-1BD4C9E289CE}.Debug|Any CPU.ActiveCfg = Debug|Any CPU
		{B9F7AB28-E997-4972-A6D1-1BD4C9E289CE}.Debug|Any CPU.Build.0 = Debug|Any CPU
		{B9F7AB28-E997-4972-A6D1-1BD4C9E289CE}.Release|Any CPU.ActiveCfg = Release|Any CPU
		{B9F7AB28-E997-4972-A6D1-1BD4C9E289CE}.Release|Any CPU.Build.0 = Release|Any CPU
		{5163A2EA-0476-4B52-81E3-581C84050A6A}.Debug|Any CPU.ActiveCfg = Debug|Any CPU
		{5163A2EA-0476-4B52-81E3-581C84050A6A}.Debug|Any CPU.Build.0 = Debug|Any CPU
		{5163A2EA-0476-4B52-81E3-581C84050A6A}.Release|Any CPU.ActiveCfg = Release|Any CPU
		{5163A2EA-0476-4B52-81E3-581C84050A6A}.Release|Any CPU.Build.0 = Release|Any CPU
	EndGlobalSection
EndGlobal
